# This file is automatically @generated by Cargo.
# It is not intended for manual editing.
version = 4

[[package]]
name = "bitflags"
version = "2.9.0"
source = "registry+https://github.com/rust-lang/crates.io-index"
checksum = "5c8214115b7bf84099f1309324e63141d4c5d7cc26862f97a0a857dbefe165bd"

[[package]]
name = "cargo-glados"
version = "0.1.0"
dependencies = [
 "soloud",
 "tiny-rng",
]

[[package]]
name = "cc"
version = "1.2.17"
source = "registry+https://github.com/rust-lang/crates.io-index"
checksum = "1fcb57c740ae1daf453ae85f16e37396f672b039e00d9d866e07ddb24e328e3a"
dependencies = [
 "shlex",
]

[[package]]
name = "cmake"
version = "0.1.54"
source = "registry+https://github.com/rust-lang/crates.io-index"
checksum = "e7caa3f9de89ddbe2c607f4101924c5abec803763ae9534e4f4d7d8f84aa81f0"
dependencies = [
 "cc",
]

[[package]]
name = "paste"
version = "1.0.15"
source = "registry+https://github.com/rust-lang/crates.io-index"
checksum = "57c0d7b74b563b49d38dae00a0c37d4d6de9b432382b2892f0574ddcae73fd0a"

[[package]]
name = "shlex"
version = "1.3.0"
source = "registry+https://github.com/rust-lang/crates.io-index"
checksum = "0fda2ff0d084019ba4d7c6f371c95d8fd75ce3524c3cb8fb653a3023f6323e64"

[[package]]
name = "soloud"
version = "1.0.5"
source = "registry+https://github.com/rust-lang/crates.io-index"
checksum = "f40cbdc64b205d53f861657923d4f94bd56ffa81e11b8ad920ac79447ececb47"
dependencies = [
 "bitflags",
 "paste",
 "soloud-sys",
]

[[package]]
name = "soloud-sys"
version = "1.0.5"
source = "registry+https://github.com/rust-lang/crates.io-index"
checksum = "f02ffc83bc0ae8897f7a13e975bde2126d7a9a9aa82d73d129ac8e60461f7b41"
dependencies = [
 "cmake",
]

[[package]]
name = "tiny-rng"
version = "0.3.0"
source = "registry+https://github.com/rust-lang/crates.io-index"
checksum = "f6c76284bb9f80fa3708a8566202eff2471b61da7c7f5bbcc57ad0bb06a56da0"
